
Microsoft Visual Studio Solution File, Format Version 12.00
# Visual Studio Version 17
VisualStudioVersion = 17.0.32126.317
MinimumVisualStudioVersion = 10.0.40219.1
Project("{FAE04EC0-301F-11D3-BF4B-00C04F79EFBC}") = "lab 2", "lab 2\lab 2.csproj", "{A7D8E2F4-6CD0-4C65-BDE8-AF7631AD46A0}"
EndProject
Global
	GlobalSection(SolutionConfigurationPlatforms) = preSolution
		Debug|Any CPU = Debug|Any CPU
		Release|Any CPU = Release|Any CPU
	EndGlobalSection
	GlobalSection(ProjectConfigurationPlatforms) = postSolution
		{A7D8E2F4-6CD0-4C65-BDE8-AF7631AD46A0}.Debug|Any CPU.ActiveCfg = Debug|Any CPU
		{A7D8E2F4-6CD0-4C65-BDE8-AF7631AD46A0}.Debug|Any CPU.Build.0 = Debug|Any CPU
		{A7D8E2F4-6CD0-4C65-BDE8-AF7631AD46A0}.Release|Any CPU.ActiveCfg = Release|Any CPU
		{A7D8E2F4-6CD0-4C65-BDE8-AF7631AD46A0}.Release|Any CPU.Build.0 = Release|Any CPU
	EndGlobalSection
	GlobalSection(SolutionProperties) = preSolution
		HideSolutionNode = FALSE
	EndGlobalSection
	GlobalSection(ExtensibilityGlobals) = postSolution
		SolutionGuid = {D8C0DF14-0110-4477-9DB0-D244E5EFD2C9}
	EndGlobalSection
EndGlobal
